// !$*UTF8*$!
{
	archiveVersion = 1;
	classes = {
	};
	objectVersion = 50;
	objects = {

/* Begin PBXBuildFile section */
		765647A6210FFEE300285FD7 /* Currency.swift in Sources */ = {isa = PBXBuildFile; fileRef = 765647A5210FFEE300285FD7 /* Currency.swift */; };
		765647AD21100B1300285FD7 /* CurrencyService.swift in Sources */ = {isa = PBXBuildFile; fileRef = 765647AC21100B1300285FD7 /* CurrencyService.swift */; };
		766324FC210F2054008E2C1C /* AppDelegate.swift in Sources */ = {isa = PBXBuildFile; fileRef = 766324FB210F2054008E2C1C /* AppDelegate.swift */; };
		766324FE210F2054008E2C1C /* CurrencyVC.swift in Sources */ = {isa = PBXBuildFile; fileRef = 766324FD210F2054008E2C1C /* CurrencyVC.swift */; };
		76632501210F2054008E2C1C /* Main.storyboard in Resources */ = {isa = PBXBuildFile; fileRef = 766324FF210F2054008E2C1C /* Main.storyboard */; };
		76632503210F2055008E2C1C /* Assets.xcassets in Resources */ = {isa = PBXBuildFile; fileRef = 76632502210F2055008E2C1C /* Assets.xcassets */; };
		76632506210F2055008E2C1C /* LaunchScreen.storyboard in Resources */ = {isa = PBXBuildFile; fileRef = 76632504210F2055008E2C1C /* LaunchScreen.storyboard */; };
		76632512210F2534008E2C1C /* CurrencyCode.swift in Sources */ = {isa = PBXBuildFile; fileRef = 76632511210F2534008E2C1C /* CurrencyCode.swift */; };
		76B310A72112DCFA0065E429 /* ExchangeRatesAPI.swift in Sources */ = {isa = PBXBuildFile; fileRef = 76B310A62112DCFA0065E429 /* ExchangeRatesAPI.swift */; };
		76B310AC2112FBDD0065E429 /* Formatter+Extensions.swift in Sources */ = {isa = PBXBuildFile; fileRef = 76B310AB2112FBDD0065E429 /* Formatter+Extensions.swift */; };
		76B310AE2112FC4A0065E429 /* Double+Extensions.swift in Sources */ = {isa = PBXBuildFile; fileRef = 76B310AD2112FC4A0065E429 /* Double+Extensions.swift */; };
		76D0EB5B210FFA680034AD1A /* CurrencyCell.swift in Sources */ = {isa = PBXBuildFile; fileRef = 76D0EB5A210FFA680034AD1A /* CurrencyCell.swift */; };
		F4B118D51D309A0B66F0E859 /* Pods_bitcoin_ticker.framework in Frameworks */ = {isa = PBXBuildFile; fileRef = 4AEA4951102828F5E64489D4 /* Pods_bitcoin_ticker.framework */; };
/* End PBXBuildFile section */

/* Begin PBXFileReference section */
		4AEA4951102828F5E64489D4 /* Pods_bitcoin_ticker.framework */ = {isa = PBXFileReference; explicitFileType = wrapper.framework; includeInIndex = 0; path = Pods_bitcoin_ticker.framework; sourceTree = BUILT_PRODUCTS_DIR; };
		630C1E984D105A0314AB5AA2 /* Pods-bitcoin-ticker.release.xcconfig */ = {isa = PBXFileReference; includeInIndex = 1; lastKnownFileType = text.xcconfig; name = "Pods-bitcoin-ticker.release.xcconfig"; path = "Pods/Target Support Files/Pods-bitcoin-ticker/Pods-bitcoin-ticker.release.xcconfig"; sourceTree = "<group>"; };
		765647A5210FFEE300285FD7 /* Currency.swift */ = {isa = PBXFileReference; lastKnownFileType = sourcecode.swift; path = Currency.swift; sourceTree = "<group>"; };
		765647AC21100B1300285FD7 /* CurrencyService.swift */ = {isa = PBXFileReference; lastKnownFileType = sourcecode.swift; path = CurrencyService.swift; sourceTree = "<group>"; };
		766324F8210F2054008E2C1C /* bitcoin-ticker.app */ = {isa = PBXFileReference; explicitFileType = wrapper.application; includeInIndex = 0; path = "bitcoin-ticker.app"; sourceTree = BUILT_PRODUCTS_DIR; };
		766324FB210F2054008E2C1C /* AppDelegate.swift */ = {isa = PBXFileReference; lastKnownFileType = sourcecode.swift; path = AppDelegate.swift; sourceTree = "<group>"; };
		766324FD210F2054008E2C1C /* CurrencyVC.swift */ = {isa = PBXFileReference; lastKnownFileType = sourcecode.swift; path = CurrencyVC.swift; sourceTree = "<group>"; };
		76632500210F2054008E2C1C /* Base */ = {isa = PBXFileReference; lastKnownFileType = file.storyboard; name = Base; path = Base.lproj/Main.storyboard; sourceTree = "<group>"; };
		76632502210F2055008E2C1C /* Assets.xcassets */ = {isa = PBXFileReference; lastKnownFileType = folder.assetcatalog; path = Assets.xcassets; sourceTree = "<group>"; };
		76632505210F2055008E2C1C /* Base */ = {isa = PBXFileReference; lastKnownFileType = file.storyboard; name = Base; path = Base.lproj/LaunchScreen.storyboard; sourceTree = "<group>"; };
		76632507210F2055008E2C1C /* Info.plist */ = {isa = PBXFileReference; lastKnownFileType = text.plist.xml; path = Info.plist; sourceTree = "<group>"; };
		76632511210F2534008E2C1C /* CurrencyCode.swift */ = {isa = PBXFileReference; lastKnownFileType = sourcecode.swift; path = CurrencyCode.swift; sourceTree = "<group>"; };
		76B310A62112DCFA0065E429 /* ExchangeRatesAPI.swift */ = {isa = PBXFileReference; lastKnownFileType = sourcecode.swift; path = ExchangeRatesAPI.swift; sourceTree = "<group>"; };
		76B310AB2112FBDD0065E429 /* Formatter+Extensions.swift */ = {isa = PBXFileReference; lastKnownFileType = sourcecode.swift; path = "Formatter+Extensions.swift"; sourceTree = "<group>"; };
		76B310AD2112FC4A0065E429 /* Double+Extensions.swift */ = {isa = PBXFileReference; lastKnownFileType = sourcecode.swift; path = "Double+Extensions.swift"; sourceTree = "<group>"; };
		76D0EB5A210FFA680034AD1A /* CurrencyCell.swift */ = {isa = PBXFileReference; lastKnownFileType = sourcecode.swift; path = CurrencyCell.swift; sourceTree = "<group>"; };
		AF541794784A8375B346C47C /* Pods-bitcoin-ticker.debug.xcconfig */ = {isa = PBXFileReference; includeInIndex = 1; lastKnownFileType = text.xcconfig; name = "Pods-bitcoin-ticker.debug.xcconfig"; path = "Pods/Target Support Files/Pods-bitcoin-ticker/Pods-bitcoin-ticker.debug.xcconfig"; sourceTree = "<group>"; };
/* End PBXFileReference section */

/* Begin PBXFrameworksBuildPhase section */
		766324F5210F2054008E2C1C /* Frameworks */ = {
			isa = PBXFrameworksBuildPhase;
			buildActionMask = 2147483647;
			files = (
				F4B118D51D309A0B66F0E859 /* Pods_bitcoin_ticker.framework in Frameworks */,
			);
			runOnlyForDeploymentPostprocessing = 0;
		};
/* End PBXFrameworksBuildPhase section */

/* Begin PBXGroup section */
		205116F0E8E25D06147A65EE /* Pods */ = {
			isa = PBXGroup;
			children = (
				AF541794784A8375B346C47C /* Pods-bitcoin-ticker.debug.xcconfig */,
				630C1E984D105A0314AB5AA2 /* Pods-bitcoin-ticker.release.xcconfig */,
			);
			name = Pods;
			sourceTree = "<group>";
		};
		765647A9211002DC00285FD7 /* Services */ = {
			isa = PBXGroup;
			children = (
				765647AC21100B1300285FD7 /* CurrencyService.swift */,
			);
			path = Services;
			sourceTree = "<group>";
		};
		766324EF210F2054008E2C1C = {
			isa = PBXGroup;
			children = (
				766324FA210F2054008E2C1C /* bitcoin-ticker */,
				766324F9210F2054008E2C1C /* Products */,
				205116F0E8E25D06147A65EE /* Pods */,
				7E4E6EFF1C21D0061F10E32E /* Frameworks */,
			);
			sourceTree = "<group>";
		};
		766324F9210F2054008E2C1C /* Products */ = {
			isa = PBXGroup;
			children = (
				766324F8210F2054008E2C1C /* bitcoin-ticker.app */,
			);
			name = Products;
			sourceTree = "<group>";
		};
		766324FA210F2054008E2C1C /* bitcoin-ticker */ = {
			isa = PBXGroup;
			children = (
				76B310AA2112FBB80065E429 /* Extensions */,
				765647A9211002DC00285FD7 /* Services */,
				76632510210F2522008E2C1C /* Enums */,
				7663250F210F23F5008E2C1C /* Model */,
				7663250E210F23F1008E2C1C /* View */,
				7663250D210F23E8008E2C1C /* Controller */,
				766324FB210F2054008E2C1C /* AppDelegate.swift */,
				766324FF210F2054008E2C1C /* Main.storyboard */,
				76632502210F2055008E2C1C /* Assets.xcassets */,
				76632504210F2055008E2C1C /* LaunchScreen.storyboard */,
				76632507210F2055008E2C1C /* Info.plist */,
			);
			path = "bitcoin-ticker";
			sourceTree = "<group>";
		};
		7663250D210F23E8008E2C1C /* Controller */ = {
			isa = PBXGroup;
			children = (
				766324FD210F2054008E2C1C /* CurrencyVC.swift */,
			);
			path = Controller;
			sourceTree = "<group>";
		};
		7663250E210F23F1008E2C1C /* View */ = {
			isa = PBXGroup;
			children = (
				76D0EB5A210FFA680034AD1A /* CurrencyCell.swift */,
			);
			path = View;
			sourceTree = "<group>";
		};
		7663250F210F23F5008E2C1C /* Model */ = {
			isa = PBXGroup;
			children = (
				765647A5210FFEE300285FD7 /* Currency.swift */,
				76B310A62112DCFA0065E429 /* ExchangeRatesAPI.swift */,
			);
			path = Model;
			sourceTree = "<group>";
		};
		76632510210F2522008E2C1C /* Enums */ = {
			isa = PBXGroup;
			children = (
				76632511210F2534008E2C1C /* CurrencyCode.swift */,
			);
			path = Enums;
			sourceTree = "<group>";
		};
		76B310AA2112FBB80065E429 /* Extensions */ = {
			isa = PBXGroup;
			children = (
				76B310AB2112FBDD0065E429 /* Formatter+Extensions.swift */,
				76B310AD2112FC4A0065E429 /* Double+Extensions.swift */,
			);
			path = Extensions;
			sourceTree = "<group>";
		};
		7E4E6EFF1C21D0061F10E32E /* Frameworks */ = {
			isa = PBXGroup;
			children = (
				4AEA4951102828F5E64489D4 /* Pods_bitcoin_ticker.framework */,
			);
			name = Frameworks;
			sourceTree = "<group>";
		};
/* End PBXGroup section */

/* Begin PBXNativeTarget section */
		766324F7210F2054008E2C1C /* bitcoin-ticker */ = {
			isa = PBXNativeTarget;
			buildConfigurationList = 7663250A210F2055008E2C1C /* Build configuration list for PBXNativeTarget "bitcoin-ticker" */;
			buildPhases = (
				9B5CF5E4EB0C7263890D4595 /* [CP] Check Pods Manifest.lock */,
				766324F4210F2054008E2C1C /* Sources */,
				766324F5210F2054008E2C1C /* Frameworks */,
				766324F6210F2054008E2C1C /* Resources */,
				FC89E9166D3B052E8CBBA826 /* [CP] Embed Pods Frameworks */,
			);
			buildRules = (
			);
			dependencies = (
			);
			name = "bitcoin-ticker";
			productName = "bitcoin-ticker";
			productReference = 766324F8210F2054008E2C1C /* bitcoin-ticker.app */;
			productType = "com.apple.product-type.application";
		};
/* End PBXNativeTarget section */

/* Begin PBXProject section */
		766324F0210F2054008E2C1C /* Project object */ = {
			isa = PBXProject;
			attributes = {
				LastSwiftUpdateCheck = 0940;
				LastUpgradeCheck = 0940;
				ORGANIZATIONNAME = "Jemimah Beryl M. Sai";
				TargetAttributes = {
					766324F7210F2054008E2C1C = {
						CreatedOnToolsVersion = 9.4.1;
					};
				};
			};
			buildConfigurationList = 766324F3210F2054008E2C1C /* Build configuration list for PBXProject "bitcoin-ticker" */;
			compatibilityVersion = "Xcode 9.3";
			developmentRegion = en;
			hasScannedForEncodings = 0;
			knownRegions = (
				en,
				Base,
			);
			mainGroup = 766324EF210F2054008E2C1C;
			productRefGroup = 766324F9210F2054008E2C1C /* Products */;
			projectDirPath = "";
			projectRoot = "";
			targets = (
				766324F7210F2054008E2C1C /* bitcoin-ticker */,
			);
		};
/* End PBXProject section */

/* Begin PBXResourcesBuildPhase section */
		766324F6210F2054008E2C1C /* Resources */ = {
			isa = PBXResourcesBuildPhase;
			buildActionMask = 2147483647;
			files = (
				76632506210F2055008E2C1C /* LaunchScreen.storyboard in Resources */,
				76632503210F2055008E2C1C /* Assets.xcassets in Resources */,
				76632501210F2054008E2C1C /* Main.storyboard in Resources */,
			);
			runOnlyForDeploymentPostprocessing = 0;
		};
/* End PBXResourcesBuildPhase section */

/* Begin PBXShellScriptBuildPhase section */
		9B5CF5E4EB0C7263890D4595 /* [CP] Check Pods Manifest.lock */ = {
			isa = PBXShellScriptBuildPhase;
			buildActionMask = 2147483647;
			files = (
			);
			inputPaths = (
				"${PODS_PODFILE_DIR_PATH}/Podfile.lock",
				"${PODS_ROOT}/Manifest.lock",
			);
			name = "[CP] Check Pods Manifest.lock";
			outputPaths = (
				"$(DERIVED_FILE_DIR)/Pods-bitcoin-ticker-checkManifestLockResult.txt",
			);
			runOnlyForDeploymentPostprocessing = 0;
			shellPath = /bin/sh;
			shellScript = "diff \"${PODS_PODFILE_DIR_PATH}/Podfile.lock\" \"${PODS_ROOT}/Manifest.lock\" > /dev/null\nif [ $? != 0 ] ; then\n    # print error to STDERR\n    echo \"error: The sandbox is not in sync with the Podfile.lock. Run 'pod install' or update your CocoaPods installation.\" >&2\n    exit 1\nfi\n# This output is used by Xcode 'outputs' to avoid re-running this script phase.\necho \"SUCCESS\" > \"${SCRIPT_OUTPUT_FILE_0}\"\n";
			showEnvVarsInLog = 0;
		};
		FC89E9166D3B052E8CBBA826 /* [CP] Embed Pods Frameworks */ = {
			isa = PBXShellScriptBuildPhase;
			buildActionMask = 2147483647;
			files = (
			);
			inputPaths = (
				"${SRCROOT}/Pods/Target Support Files/Pods-bitcoin-ticker/Pods-bitcoin-ticker-frameworks.sh",
				"${BUILT_PRODUCTS_DIR}/Alamofire/Alamofire.framework",
				"${BUILT_PRODUCTS_DIR}/Moya/Moya.framework",
				"${BUILT_PRODUCTS_DIR}/Result/Result.framework",
				"${BUILT_PRODUCTS_DIR}/SwiftyJSON/SwiftyJSON.framework",
			);
			name = "[CP] Embed Pods Frameworks";
			outputPaths = (
				"${TARGET_BUILD_DIR}/${FRAMEWORKS_FOLDER_PATH}/Alamofire.framework",
				"${TARGET_BUILD_DIR}/${FRAMEWORKS_FOLDER_PATH}/Moya.framework",
				"${TARGET_BUILD_DIR}/${FRAMEWORKS_FOLDER_PATH}/Result.framework",
				"${TARGET_BUILD_DIR}/${FRAMEWORKS_FOLDER_PATH}/SwiftyJSON.framework",
			);
			runOnlyForDeploymentPostprocessing = 0;
			shellPath = /bin/sh;
			shellScript = "\"${SRCROOT}/Pods/Target Support Files/Pods-bitcoin-ticker/Pods-bitcoin-ticker-frameworks.sh\"\n";
			showEnvVarsInLog = 0;
		};
/* End PBXShellScriptBuildPhase section */

/* Begin PBXSourcesBuildPhase section */
		766324F4210F2054008E2C1C /* Sources */ = {
			isa = PBXSourcesBuildPhase;
			buildActionMask = 2147483647;
			files = (
				76D0EB5B210FFA680034AD1A /* CurrencyCell.swift in Sources */,
				765647A6210FFEE300285FD7 /* Currency.swift in Sources */,
				766324FE210F2054008E2C1C /* CurrencyVC.swift in Sources */,
				76B310AE2112FC4A0065E429 /* Double+Extensions.swift in Sources */,
				765647AD21100B1300285FD7 /* CurrencyService.swift in Sources */,
				76B310AC2112FBDD0065E429 /* Formatter+Extensions.swift in Sources */,
				766324FC210F2054008E2C1C /* AppDelegate.swift in Sources */,
				76B310A72112DCFA0065E429 /* ExchangeRatesAPI.swift in Sources */,
				76632512210F2534008E2C1C /* CurrencyCode.swift in Sources */,
			);
			runOnlyForDeploymentPostprocessing = 0;
		};
/* End PBXSourcesBuildPhase section */

/* Begin PBXVariantGroup section */
		766324FF210F2054008E2C1C /* Main.storyboard */ = {
			isa = PBXVariantGroup;
			children = (
				76632500210F2054008E2C1C /* Base */,
			);
			name = Main.storyboard;
			sourceTree = "<group>";
		};
		76632504210F2055008E2C1C /* LaunchScreen.storyboard */ = {
			isa = PBXVariantGroup;
			children = (
				76632505210F2055008E2C1C /* Base */,
			);
			name = LaunchScreen.storyboard;
			sourceTree = "<group>";
		};
/* End PBXVariantGroup section */

/* Begin XCBuildConfiguration section */
		76632508210F2055008E2C1C /* Debug */ = {
			isa = XCBuildConfiguration;
			buildSettings = {
				ALWAYS_SEARCH_USER_PATHS = NO;
				CLANG_ANALYZER_NONNULL = YES;
				CLANG_ANALYZER_NUMBER_OBJECT_CONVERSION = YES_AGGRESSIVE;
				CLANG_CXX_LANGUAGE_STANDARD = "gnu++14";
				CLANG_CXX_LIBRARY = "libc++";
				CLANG_ENABLE_MODULES = YES;
				CLANG_ENABLE_OBJC_ARC = YES;
				CLANG_ENABLE_OBJC_WEAK = YES;
				CLANG_WARN_BLOCK_CAPTURE_AUTORELEASING = YES;
				CLANG_WARN_BOOL_CONVERSION = YES;
				CLANG_WARN_COMMA = YES;
				CLANG_WARN_CONSTANT_CONVERSION = YES;
				CLANG_WARN_DEPRECATED_OBJC_IMPLEMENTATIONS = YES;
				CLANG_WARN_DIRECT_OBJC_ISA_USAGE = YES_ERROR;
				CLANG_WARN_DOCUMENTATION_COMMENTS = YES;
				CLANG_WARN_EMPTY_BODY = YES;
				CLANG_WARN_ENUM_CONVERSION = YES;
				CLANG_WARN_INFINITE_RECURSION = YES;
				CLANG_WARN_INT_CONVERSION = YES;
				CLANG_WARN_NON_LITERAL_NULL_CONVERSION = YES;
				CLANG_WARN_OBJC_IMPLICIT_RETAIN_SELF = YES;
				CLANG_WARN_OBJC_LITERAL_CONVERSION = YES;
				CLANG_WARN_OBJC_ROOT_CLASS = YES_ERROR;
				CLANG_WARN_RANGE_LOOP_ANALYSIS = YES;
				CLANG_WARN_STRICT_PROTOTYPES = YES;
				CLANG_WARN_SUSPICIOUS_MOVE = YES;
				CLANG_WARN_UNGUARDED_AVAILABILITY = YES_AGGRESSIVE;
				CLANG_WARN_UNREACHABLE_CODE = YES;
				CLANG_WARN__DUPLICATE_METHOD_MATCH = YES;
				CODE_SIGN_IDENTITY = "iPhone Developer";
				COPY_PHASE_STRIP = NO;
				DEBUG_INFORMATION_FORMAT = dwarf;
				ENABLE_STRICT_OBJC_MSGSEND = YES;
				ENABLE_TESTABILITY = YES;
				GCC_C_LANGUAGE_STANDARD = gnu11;
				GCC_DYNAMIC_NO_PIC = NO;
				GCC_NO_COMMON_BLOCKS = YES;
				GCC_OPTIMIZATION_LEVEL = 0;
				GCC_PREPROCESSOR_DEFINITIONS = (
					"DEBUG=1",
					"$(inherited)",
				);
				GCC_WARN_64_TO_32_BIT_CONVERSION = YES;
				GCC_WARN_ABOUT_RETURN_TYPE = YES_ERROR;
				GCC_WARN_UNDECLARED_SELECTOR = YES;
				GCC_WARN_UNINITIALIZED_AUTOS = YES_AGGRESSIVE;
				GCC_WARN_UNUSED_FUNCTION = YES;
				GCC_WARN_UNUSED_VARIABLE = YES;
				IPHONEOS_DEPLOYMENT_TARGET = 11.4;
				MTL_ENABLE_DEBUG_INFO = YES;
				ONLY_ACTIVE_ARCH = YES;
				SDKROOT = iphoneos;
				SWIFT_ACTIVE_COMPILATION_CONDITIONS = DEBUG;
				SWIFT_OPTIMIZATION_LEVEL = "-Onone";
			};
			name = Debug;
		};
		76632509210F2055008E2C1C /* Release */ = {
			isa = XCBuildConfiguration;
			buildSettings = {
				ALWAYS_SEARCH_USER_PATHS = NO;
				CLANG_ANALYZER_NONNULL = YES;
				CLANG_ANALYZER_NUMBER_OBJECT_CONVERSION = YES_AGGRESSIVE;
				CLANG_CXX_LANGUAGE_STANDARD = "gnu++14";
				CLANG_CXX_LIBRARY = "libc++";
				CLANG_ENABLE_MODULES = YES;
				CLANG_ENABLE_OBJC_ARC = YES;
				CLANG_ENABLE_OBJC_WEAK = YES;
				CLANG_WARN_BLOCK_CAPTURE_AUTORELEASING = YES;
				CLANG_WARN_BOOL_CONVERSION = YES;
				CLANG_WARN_COMMA = YES;
				CLANG_WARN_CONSTANT_CONVERSION = YES;
				CLANG_WARN_DEPRECATED_OBJC_IMPLEMENTATIONS = YES;
				CLANG_WARN_DIRECT_OBJC_ISA_USAGE = YES_ERROR;
				CLANG_WARN_DOCUMENTATION_COMMENTS = YES;
				CLANG_WARN_EMPTY_BODY = YES;
				CLANG_WARN_ENUM_CONVERSION = YES;
				CLANG_WARN_INFINITE_RECURSION = YES;
				CLANG_WARN_INT_CONVERSION = YES;
				CLANG_WARN_NON_LITERAL_NULL_CONVERSION = YES;
				CLANG_WARN_OBJC_IMPLICIT_RETAIN_SELF = YES;
				CLANG_WARN_OBJC_LITERAL_CONVERSION = YES;
				CLANG_WARN_OBJC_ROOT_CLASS = YES_ERROR;
				CLANG_WARN_RANGE_LOOP_ANALYSIS = YES;
				CLANG_WARN_STRICT_PROTOTYPES = YES;
				CLANG_WARN_SUSPICIOUS_MOVE = YES;
				CLANG_WARN_UNGUARDED_AVAILABILITY = YES_AGGRESSIVE;
				CLANG_WARN_UNREACHABLE_CODE = YES;
				CLANG_WARN__DUPLICATE_METHOD_MATCH = YES;
				CODE_SIGN_IDENTITY = "iPhone Developer";
				COPY_PHASE_STRIP = NO;
				DEBUG_INFORMATION_FORMAT = "dwarf-with-dsym";
				ENABLE_NS_ASSERTIONS = NO;
				ENABLE_STRICT_OBJC_MSGSEND = YES;
				GCC_C_LANGUAGE_STANDARD = gnu11;
				GCC_NO_COMMON_BLOCKS = YES;
				GCC_WARN_64_TO_32_BIT_CONVERSION = YES;
				GCC_WARN_ABOUT_RETURN_TYPE = YES_ERROR;
				GCC_WARN_UNDECLARED_SELECTOR = YES;
				GCC_WARN_UNINITIALIZED_AUTOS = YES_AGGRESSIVE;
				GCC_WARN_UNUSED_FUNCTION = YES;
				GCC_WARN_UNUSED_VARIABLE = YES;
				IPHONEOS_DEPLOYMENT_TARGET = 11.4;
				MTL_ENABLE_DEBUG_INFO = NO;
				SDKROOT = iphoneos;
				SWIFT_COMPILATION_MODE = wholemodule;
				SWIFT_OPTIMIZATION_LEVEL = "-O";
				VALIDATE_PRODUCT = YES;
			};
			name = Release;
		};
		7663250B210F2055008E2C1C /* Debug */ = {
			isa = XCBuildConfiguration;
			baseConfigurationReference = AF541794784A8375B346C47C /* Pods-bitcoin-ticker.debug.xcconfig */;
			buildSettings = {
				ASSETCATALOG_COMPILER_APPICON_NAME = AppIcon;
				CODE_SIGN_STYLE = Automatic;
				DEVELOPMENT_TEAM = JTGYX74X92;
				INFOPLIST_FILE = "bitcoin-ticker/Info.plist";
				LD_RUNPATH_SEARCH_PATHS = (
					"$(inherited)",
					"@executable_path/Frameworks",
				);
				PRODUCT_BUNDLE_IDENTIFIER = "com.practice.bitcoin-ticker";
				PRODUCT_NAME = "$(TARGET_NAME)";
				SWIFT_VERSION = 4.0;
				TARGETED_DEVICE_FAMILY = "1,2";
			};
			name = Debug;
		};
		7663250C210F2055008E2C1C /* Release */ = {
			isa = XCBuildConfiguration;
			baseConfigurationReference = 630C1E984D105A0314AB5AA2 /* Pods-bitcoin-ticker.release.xcconfig */;
			buildSettings = {
				ASSETCATALOG_COMPILER_APPICON_NAME = AppIcon;
				CODE_SIGN_STYLE = Automatic;
				DEVELOPMENT_TEAM = JTGYX74X92;
				INFOPLIST_FILE = "bitcoin-ticker/Info.plist";
				LD_RUNPATH_SEARCH_PATHS = (
					"$(inherited)",
					"@executable_path/Frameworks",
				);
				PRODUCT_BUNDLE_IDENTIFIER = "com.practice.bitcoin-ticker";
				PRODUCT_NAME = "$(TARGET_NAME)";
				SWIFT_VERSION = 4.0;
				TARGETED_DEVICE_FAMILY = "1,2";
			};
			name = Release;
		};
/* End XCBuildConfiguration section */

/* Begin XCConfigurationList section */
		766324F3210F2054008E2C1C /* Build configuration list for PBXProject "bitcoin-ticker" */ = {
			isa = XCConfigurationList;
			buildConfigurations = (
				76632508210F2055008E2C1C /* Debug */,
				76632509210F2055008E2C1C /* Release */,
			);
			defaultConfigurationIsVisible = 0;
			defaultConfigurationName = Release;
		};
		7663250A210F2055008E2C1C /* Build configuration list for PBXNativeTarget "bitcoin-ticker" */ = {
			isa = XCConfigurationList;
			buildConfigurations = (
				7663250B210F2055008E2C1C /* Debug */,
				7663250C210F2055008E2C1C /* Release */,
			);
			defaultConfigurationIsVisible = 0;
			defaultConfigurationName = Release;
		};
/* End XCConfigurationList section */
	};
	rootObject = 766324F0210F2054008E2C1C /* Project object */;
}
